PODS:
  - AFNetworking (3.0.4):
    - AFNetworking/NSURLSession (= 3.0.4)
    - AFNetworking/Reachability (= 3.0.4)
    - AFNetworking/Security (= 3.0.4)
    - AFNetworking/Serialization (= 3.0.4)
    - AFNetworking/UIKit (= 3.0.4)
  - AFNetworking/NSURLSession (3.0.4):
    - AFNetworking/Reachability
    - AFNetworking/Security
    - AFNetworking/Serialization
  - AFNetworking/Reachability (3.0.4)
  - AFNetworking/Security (3.0.4)
  - AFNetworking/Serialization (3.0.4)
  - AFNetworking/UIKit (3.0.4):
    - AFNetworking/NSURLSession
  - AliyunOSSiOS (2.7.1)
  - CJBaseCategory (0.1.0)
  - CLImageEditor (0.2.2):
    - CLImageEditor/Core (= 0.2.2)
  - CLImageEditor/Core (0.2.2)
  - CWStatusBarNotification (2.3.5)
  - FMDB (2.7.2):
    - FMDB/standard (= 2.7.2)
  - FMDB/standard (2.7.2)
  - JSONModel (1.7.0)
  - LJContactManager (0.0.5)
  - OpenSSL (1.0.210)
  - SDWebImage (3.7.5):
    - SDWebImage/Core (= 3.7.5)
  - SDWebImage/Core (3.7.5)
  - SocketRocket (0.4.2)
  - SVProgressHUD (2.2.5)
  - TXLiteAVSDK_Smart (4.4.3773)
  - TZImagePickerController (1.9.7)
  - WechatOpenSDK (1.8.1)
  - WeexSDK (0.16.1)
  - ZipArchive (1.4.0)

DEPENDENCIES:
  - AFNetworking
  - AliyunOSSiOS
  - CJBaseCategory (from `./CJBaseCategory/`)
  - CLImageEditor
  - CWStatusBarNotification
  - FMDB (~> 2.7.2)
  - JSONModel
  - LJContactManager
  - OpenSSL (~> 1.0.208)
  - SDWebImage (= 3.7.5)
  - SocketRocket (= 0.4.2)
  - SVProgressHUD
  - TXLiteAVSDK_Smart (from `http://pod-1252463788.cosgz.myqcloud.com/liteavsdkspec/TXLiteAVSDK_Smart.podspec`)
  - TZImagePickerController
  - WechatOpenSDK
  - WeexSDK (from `./sdk/`)
  - ZipArchive

EXTERNAL SOURCES:
  CJBaseCategory:
    :path: ./CJBaseCategory/
  TXLiteAVSDK_Smart:
    :podspec: http://pod-1252463788.cosgz.myqcloud.com/liteavsdkspec/TXLiteAVSDK_Smart.podspec
  WeexSDK:
    :path: ./sdk/

SPEC CHECKSUMS:
  AFNetworking: a0075feb321559dc78d9d85b55d11caa19eabb93
  AliyunOSSiOS: bc161047b15b04eb69ffd2481b73ab4a2275322c
  CJBaseCategory: 228be4c36d5290ca8adb3e208fa7a9cd520e18da
  CLImageEditor: 34199b39c994af44f3f3aae6f6dcccb7ef8b75aa
  CWStatusBarNotification: 3d2738b25c3207f60cc50201388d3c96182545ff
  FMDB: 6198a90e7b6900cfc046e6bc0ef6ebb7be9236aa
  JSONModel: 840bc0fcffb24b8454d2c026bf26fea454b8e98d
  LJContactManager: d4af72e8cfc92728143d073fdb3c49eea722cb8d
  OpenSSL: 246ffb948e9d56466727fd318134af35f5aa764e
  SDWebImage: 69c6303e3348fba97e03f65d65d4fbc26740f461
  SocketRocket: ffe08119b00ef982f6c37052a4705a057c8494ad
  SVProgressHUD: 1428aafac632c1f86f62aa4243ec12008d7a51d6
  TXLiteAVSDK_Smart: 91c9a90bf813c0596128cea28508f547c0aea115
  TZImagePickerController: 8244efd41ec81e6ab65e41963b265ff6a8e46702
  WechatOpenSDK: 491d965d79335070328571d3e79f714549e79a5e
  WeexSDK: 03a2356020c650b74fa7deacd1449910ec5250d5
  ZipArchive: e25a4373192673e3229ac8d6e9f64a3e5713c966

PODFILE CHECKSUM: f7857c0a48926c357aa1f0cf6a6da243e63958af

COCOAPODS: 1.4.0
